// !$*UTF8*$!
{
	archiveVersion = 1;
	classes = {
	};
	objectVersion = 56;
	objects = {

/* Begin PBXBuildFile section */
		1FFB21B12BD3B717005E1FC2 /* myAEDES_QUIZApp.swift in Sources */ = {isa = PBXBuildFile; fileRef = 1FFB21B02BD3B717005E1FC2 /* myAEDES_QUIZApp.swift */; };
		1FFB21B32BD3B717005E1FC2 /* ContentView.swift in Sources */ = {isa = PBXBuildFile; fileRef = 1FFB21B22BD3B717005E1FC2 /* ContentView.swift */; };
		1FFB21B52BD3B718005E1FC2 /* Assets.xcassets in Resources */ = {isa = PBXBuildFile; fileRef = 1FFB21B42BD3B718005E1FC2 /* Assets.xcassets */; };
		1FFB21B82BD3B718005E1FC2 /* Preview Assets.xcassets in Resources */ = {isa = PBXBuildFile; fileRef = 1FFB21B72BD3B718005E1FC2 /* Preview Assets.xcassets */; };
		1FFB21C12BD3B94B005E1FC2 /* MainMenu.swift in Sources */ = {isa = PBXBuildFile; fileRef = 1FFB21C02BD3B94B005E1FC2 /* MainMenu.swift */; };
		1FFB21C62BD3BB0D005E1FC2 /* QuizSC.swift in Sources */ = {isa = PBXBuildFile; fileRef = 1FFB21C52BD3BB0D005E1FC2 /* QuizSC.swift */; };
		1FFB21C82BD3BBE6005E1FC2 /* Question.swift in Sources */ = {isa = PBXBuildFile; fileRef = 1FFB21C72BD3BBE6005E1FC2 /* Question.swift */; };
		1FFB21CB2BD3C3CC005E1FC2 /* AppImage.swift in Sources */ = {isa = PBXBuildFile; fileRef = 1FFB21CA2BD3C3CC005E1FC2 /* AppImage.swift */; };
		1FFB21CD2BD3C4E3005E1FC2 /* AppColor.swift in Sources */ = {isa = PBXBuildFile; fileRef = 1FFB21CC2BD3C4E3005E1FC2 /* AppColor.swift */; };
		1FFB21D02BD3CADA005E1FC2 /* Button1.swift in Sources */ = {isa = PBXBuildFile; fileRef = 1FFB21CF2BD3CADA005E1FC2 /* Button1.swift */; };
		1FFB21D32BD3CC36005E1FC2 /* ButtonStyles.swift in Sources */ = {isa = PBXBuildFile; fileRef = 1FFB21D22BD3CC36005E1FC2 /* ButtonStyles.swift */; };
		1FFB21D52BD3CD6E005E1FC2 /* AppStrings.swift in Sources */ = {isa = PBXBuildFile; fileRef = 1FFB21D42BD3CD6E005E1FC2 /* AppStrings.swift */; };
		1FFB21D72BD3D206005E1FC2 /* Button2.swift in Sources */ = {isa = PBXBuildFile; fileRef = 1FFB21D62BD3D206005E1FC2 /* Button2.swift */; };
		1FFB21D92BD3D2ED005E1FC2 /* PointsAccount.swift in Sources */ = {isa = PBXBuildFile; fileRef = 1FFB21D82BD3D2ED005E1FC2 /* PointsAccount.swift */; };
		1FFB21DD2BD3D66C005E1FC2 /* QuizHeader.swift in Sources */ = {isa = PBXBuildFile; fileRef = 1FFB21DC2BD3D66C005E1FC2 /* QuizHeader.swift */; };
		1FFB21DF2BD3E455005E1FC2 /* QuizV.swift in Sources */ = {isa = PBXBuildFile; fileRef = 1FFB21DE2BD3E455005E1FC2 /* QuizV.swift */; };
/* End PBXBuildFile section */

/* Begin PBXFileReference section */
		1FFB21AD2BD3B717005E1FC2 /* myAEDES_QUIZ.app */ = {isa = PBXFileReference; explicitFileType = wrapper.application; includeInIndex = 0; path = myAEDES_QUIZ.app; sourceTree = BUILT_PRODUCTS_DIR; };
		1FFB21B02BD3B717005E1FC2 /* myAEDES_QUIZApp.swift */ = {isa = PBXFileReference; lastKnownFileType = sourcecode.swift; path = myAEDES_QUIZApp.swift; sourceTree = "<group>"; };
		1FFB21B22BD3B717005E1FC2 /* ContentView.swift */ = {isa = PBXFileReference; lastKnownFileType = sourcecode.swift; path = ContentView.swift; sourceTree = "<group>"; };
		1FFB21B42BD3B718005E1FC2 /* Assets.xcassets */ = {isa = PBXFileReference; lastKnownFileType = folder.assetcatalog; path = Assets.xcassets; sourceTree = "<group>"; };
		1FFB21B72BD3B718005E1FC2 /* Preview Assets.xcassets */ = {isa = PBXFileReference; lastKnownFileType = folder.assetcatalog; path = "Preview Assets.xcassets"; sourceTree = "<group>"; };
		1FFB21C02BD3B94B005E1FC2 /* MainMenu.swift */ = {isa = PBXFileReference; lastKnownFileType = sourcecode.swift; path = MainMenu.swift; sourceTree = "<group>"; };
		1FFB21C52BD3BB0D005E1FC2 /* QuizSC.swift */ = {isa = PBXFileReference; lastKnownFileType = sourcecode.swift; path = QuizSC.swift; sourceTree = "<group>"; };
		1FFB21C72BD3BBE6005E1FC2 /* Question.swift */ = {isa = PBXFileReference; lastKnownFileType = sourcecode.swift; path = Question.swift; sourceTree = "<group>"; };
		1FFB21CA2BD3C3CC005E1FC2 /* AppImage.swift */ = {isa = PBXFileReference; lastKnownFileType = sourcecode.swift; path = AppImage.swift; sourceTree = "<group>"; };
		1FFB21CC2BD3C4E3005E1FC2 /* AppColor.swift */ = {isa = PBXFileReference; lastKnownFileType = sourcecode.swift; path = AppColor.swift; sourceTree = "<group>"; };
		1FFB21CF2BD3CADA005E1FC2 /* Button1.swift */ = {isa = PBXFileReference; lastKnownFileType = sourcecode.swift; path = Button1.swift; sourceTree = "<group>"; };
		1FFB21D22BD3CC36005E1FC2 /* ButtonStyles.swift */ = {isa = PBXFileReference; lastKnownFileType = sourcecode.swift; path = ButtonStyles.swift; sourceTree = "<group>"; };
		1FFB21D42BD3CD6E005E1FC2 /* AppStrings.swift */ = {isa = PBXFileReference; lastKnownFileType = sourcecode.swift; path = AppStrings.swift; sourceTree = "<group>"; };
		1FFB21D62BD3D206005E1FC2 /* Button2.swift */ = {isa = PBXFileReference; lastKnownFileType = sourcecode.swift; path = Button2.swift; sourceTree = "<group>"; };
		1FFB21D82BD3D2ED005E1FC2 /* PointsAccount.swift */ = {isa = PBXFileReference; lastKnownFileType = sourcecode.swift; path = PointsAccount.swift; sourceTree = "<group>"; };
		1FFB21DC2BD3D66C005E1FC2 /* QuizHeader.swift */ = {isa = PBXFileReference; lastKnownFileType = sourcecode.swift; path = QuizHeader.swift; sourceTree = "<group>"; };
		1FFB21DE2BD3E455005E1FC2 /* QuizV.swift */ = {isa = PBXFileReference; lastKnownFileType = sourcecode.swift; path = QuizV.swift; sourceTree = "<group>"; };
/* End PBXFileReference section */

/* Begin PBXFrameworksBuildPhase section */
		1FFB21AA2BD3B717005E1FC2 /* Frameworks */ = {
			isa = PBXFrameworksBuildPhase;
			buildActionMask = 2147483647;
			files = (
			);
			runOnlyForDeploymentPostprocessing = 0;
		};
/* End PBXFrameworksBuildPhase section */

/* Begin PBXGroup section */
		1FFB21A42BD3B717005E1FC2 = {
			isa = PBXGroup;
			children = (
				1FFB21AF2BD3B717005E1FC2 /* myAEDES_QUIZ */,
				1FFB21AE2BD3B717005E1FC2 /* Products */,
			);
			sourceTree = "<group>";
		};
		1FFB21AE2BD3B717005E1FC2 /* Products */ = {
			isa = PBXGroup;
			children = (
				1FFB21AD2BD3B717005E1FC2 /* myAEDES_QUIZ.app */,
			);
			name = Products;
			sourceTree = "<group>";
		};
		1FFB21AF2BD3B717005E1FC2 /* myAEDES_QUIZ */ = {
			isa = PBXGroup;
			children = (
				1FFB21BE2BD3B847005E1FC2 /* Root */,
				1FFB21BF2BD3B8FB005E1FC2 /* Views */,
				1FFB21C22BD3BA92005E1FC2 /* Model */,
				1FFB21C92BD3C3A4005E1FC2 /* AppAssets */,
				1FFB21CE2BD3CA44005E1FC2 /* Components */,
				1FFB21B62BD3B718005E1FC2 /* Preview Content */,
			);
			path = myAEDES_QUIZ;
			sourceTree = "<group>";
		};
		1FFB21B62BD3B718005E1FC2 /* Preview Content */ = {
			isa = PBXGroup;
			children = (
				1FFB21B72BD3B718005E1FC2 /* Preview Assets.xcassets */,
			);
			path = "Preview Content";
			sourceTree = "<group>";
		};
		1FFB21BE2BD3B847005E1FC2 /* Root */ = {
			isa = PBXGroup;
			children = (
				1FFB21B02BD3B717005E1FC2 /* myAEDES_QUIZApp.swift */,
				1FFB21B22BD3B717005E1FC2 /* ContentView.swift */,
			);
			path = Root;
			sourceTree = "<group>";
		};
		1FFB21BF2BD3B8FB005E1FC2 /* Views */ = {
			isa = PBXGroup;
			children = (
				1FFB21C32BD3BAB7005E1FC2 /* MainMenu */,
				1FFB21C42BD3BACF005E1FC2 /* Quiz */,
			);
			path = Views;
			sourceTree = "<group>";
		};
		1FFB21C22BD3BA92005E1FC2 /* Model */ = {
			isa = PBXGroup;
			children = (
				1FFB21C72BD3BBE6005E1FC2 /* Question.swift */,
				1FFB21D82BD3D2ED005E1FC2 /* PointsAccount.swift */,
			);
			path = Model;
			sourceTree = "<group>";
		};
		1FFB21C32BD3BAB7005E1FC2 /* MainMenu */ = {
			isa = PBXGroup;
			children = (
				1FFB21C02BD3B94B005E1FC2 /* MainMenu.swift */,
			);
			path = MainMenu;
			sourceTree = "<group>";
		};
		1FFB21C42BD3BACF005E1FC2 /* Quiz */ = {
			isa = PBXGroup;
			children = (
				1FFB21C52BD3BB0D005E1FC2 /* QuizSC.swift */,
				1FFB21DE2BD3E455005E1FC2 /* QuizV.swift */,
				1FFB21DC2BD3D66C005E1FC2 /* QuizHeader.swift */,
			);
			path = Quiz;
			sourceTree = "<group>";
		};
		1FFB21C92BD3C3A4005E1FC2 /* AppAssets */ = {
			isa = PBXGroup;
			children = (
				1FFB21CC2BD3C4E3005E1FC2 /* AppColor.swift */,
				1FFB21CA2BD3C3CC005E1FC2 /* AppImage.swift */,
				1FFB21D42BD3CD6E005E1FC2 /* AppStrings.swift */,
				1FFB21B42BD3B718005E1FC2 /* Assets.xcassets */,
			);
			path = AppAssets;
			sourceTree = "<group>";
		};
		1FFB21CE2BD3CA44005E1FC2 /* Components */ = {
			isa = PBXGroup;
			children = (
				1FFB21D12BD3CAE0005E1FC2 /* Buttons */,
			);
			path = Components;
			sourceTree = "<group>";
		};
		1FFB21D12BD3CAE0005E1FC2 /* Buttons */ = {
			isa = PBXGroup;
			children = (
				1FFB21CF2BD3CADA005E1FC2 /* Button1.swift */,
				1FFB21D62BD3D206005E1FC2 /* Button2.swift */,
				1FFB21D22BD3CC36005E1FC2 /* ButtonStyles.swift */,
			);
			path = Buttons;
			sourceTree = "<group>";
		};
/* End PBXGroup section */

/* Begin PBXNativeTarget section */
		1FFB21AC2BD3B717005E1FC2 /* myAEDES_QUIZ */ = {
			isa = PBXNativeTarget;
			buildConfigurationList = 1FFB21BB2BD3B718005E1FC2 /* Build configuration list for PBXNativeTarget "myAEDES_QUIZ" */;
			buildPhases = (
				1FFB21A92BD3B717005E1FC2 /* Sources */,
				1FFB21AA2BD3B717005E1FC2 /* Frameworks */,
				1FFB21AB2BD3B717005E1FC2 /* Resources */,
			);
			buildRules = (
			);
			dependencies = (
			);
			name = myAEDES_QUIZ;
			productName = myAEDES_QUIZ;
			productReference = 1FFB21AD2BD3B717005E1FC2 /* myAEDES_QUIZ.app */;
			productType = "com.apple.product-type.application";
		};
/* End PBXNativeTarget section */

/* Begin PBXProject section */
		1FFB21A52BD3B717005E1FC2 /* Project object */ = {
			isa = PBXProject;
			attributes = {
				BuildIndependentTargetsInParallel = 1;
				LastSwiftUpdateCheck = 1530;
				LastUpgradeCheck = 1530;
				TargetAttributes = {
					1FFB21AC2BD3B717005E1FC2 = {
						CreatedOnToolsVersion = 15.3;
					};
				};
			};
			buildConfigurationList = 1FFB21A82BD3B717005E1FC2 /* Build configuration list for PBXProject "myAEDES_QUIZ" */;
			compatibilityVersion = "Xcode 14.0";
			developmentRegion = en;
			hasScannedForEncodings = 0;
			knownRegions = (
				en,
				Base,
			);
			mainGroup = 1FFB21A42BD3B717005E1FC2;
			productRefGroup = 1FFB21AE2BD3B717005E1FC2 /* Products */;
			projectDirPath = "";
			projectRoot = "";
			targets = (
				1FFB21AC2BD3B717005E1FC2 /* myAEDES_QUIZ */,
			);
		};
/* End PBXProject section */

/* Begin PBXResourcesBuildPhase section */
		1FFB21AB2BD3B717005E1FC2 /* Resources */ = {
			isa = PBXResourcesBuildPhase;
			buildActionMask = 2147483647;
			files = (
				1FFB21B82BD3B718005E1FC2 /* Preview Assets.xcassets in Resources */,
				1FFB21B52BD3B718005E1FC2 /* Assets.xcassets in Resources */,
			);
			runOnlyForDeploymentPostprocessing = 0;
		};
/* End PBXResourcesBuildPhase section */

/* Begin PBXSourcesBuildPhase section */
		1FFB21A92BD3B717005E1FC2 /* Sources */ = {
			isa = PBXSourcesBuildPhase;
			buildActionMask = 2147483647;
			files = (
				1FFB21B32BD3B717005E1FC2 /* ContentView.swift in Sources */,
				1FFB21C12BD3B94B005E1FC2 /* MainMenu.swift in Sources */,
				1FFB21D72BD3D206005E1FC2 /* Button2.swift in Sources */,
				1FFB21DD2BD3D66C005E1FC2 /* QuizHeader.swift in Sources */,
				1FFB21C62BD3BB0D005E1FC2 /* QuizSC.swift in Sources */,
				1FFB21DF2BD3E455005E1FC2 /* QuizV.swift in Sources */,
				1FFB21D92BD3D2ED005E1FC2 /* PointsAccount.swift in Sources */,
				1FFB21CD2BD3C4E3005E1FC2 /* AppColor.swift in Sources */,
				1FFB21D32BD3CC36005E1FC2 /* ButtonStyles.swift in Sources */,
				1FFB21C82BD3BBE6005E1FC2 /* Question.swift in Sources */,
				1FFB21D02BD3CADA005E1FC2 /* Button1.swift in Sources */,
				1FFB21B12BD3B717005E1FC2 /* myAEDES_QUIZApp.swift in Sources */,
				1FFB21D52BD3CD6E005E1FC2 /* AppStrings.swift in Sources */,
				1FFB21CB2BD3C3CC005E1FC2 /* AppImage.swift in Sources */,
			);
			runOnlyForDeploymentPostprocessing = 0;
		};
/* End PBXSourcesBuildPhase section */

/* Begin XCBuildConfiguration section */
		1FFB21B92BD3B718005E1FC2 /* Debug */ = {
			isa = XCBuildConfiguration;
			buildSettings = {
				ALWAYS_SEARCH_USER_PATHS = NO;
				ASSETCATALOG_COMPILER_GENERATE_SWIFT_ASSET_SYMBOL_EXTENSIONS = YES;
				CLANG_ANALYZER_NONNULL = YES;
				CLANG_ANALYZER_NUMBER_OBJECT_CONVERSION = YES_AGGRESSIVE;
				CLANG_CXX_LANGUAGE_STANDARD = "gnu++20";
				CLANG_ENABLE_MODULES = YES;
				CLANG_ENABLE_OBJC_ARC = YES;
				CLANG_ENABLE_OBJC_WEAK = YES;
				CLANG_WARN_BLOCK_CAPTURE_AUTORELEASING = YES;
				CLANG_WARN_BOOL_CONVERSION = YES;
				CLANG_WARN_COMMA = YES;
				CLANG_WARN_CONSTANT_CONVERSION = YES;
				CLANG_WARN_DEPRECATED_OBJC_IMPLEMENTATIONS = YES;
				CLANG_WARN_DIRECT_OBJC_ISA_USAGE = YES_ERROR;
				CLANG_WARN_DOCUMENTATION_COMMENTS = YES;
				CLANG_WARN_EMPTY_BODY = YES;
				CLANG_WARN_ENUM_CONVERSION = YES;
				CLANG_WARN_INFINITE_RECURSION = YES;
				CLANG_WARN_INT_CONVERSION = YES;
				CLANG_WARN_NON_LITERAL_NULL_CONVERSION = YES;
				CLANG_WARN_OBJC_IMPLICIT_RETAIN_SELF = YES;
				CLANG_WARN_OBJC_LITERAL_CONVERSION = YES;
				CLANG_WARN_OBJC_ROOT_CLASS = YES_ERROR;
				CLANG_WARN_QUOTED_INCLUDE_IN_FRAMEWORK_HEADER = YES;
				CLANG_WARN_RANGE_LOOP_ANALYSIS = YES;
				CLANG_WARN_STRICT_PROTOTYPES = YES;
				CLANG_WARN_SUSPICIOUS_MOVE = YES;
				CLANG_WARN_UNGUARDED_AVAILABILITY = YES_AGGRESSIVE;
				CLANG_WARN_UNREACHABLE_CODE = YES;
				CLANG_WARN__DUPLICATE_METHOD_MATCH = YES;
				COPY_PHASE_STRIP = NO;
				DEBUG_INFORMATION_FORMAT = dwarf;
				ENABLE_STRICT_OBJC_MSGSEND = YES;
				ENABLE_TESTABILITY = YES;
				ENABLE_USER_SCRIPT_SANDBOXING = YES;
				GCC_C_LANGUAGE_STANDARD = gnu17;
				GCC_DYNAMIC_NO_PIC = NO;
				GCC_NO_COMMON_BLOCKS = YES;
				GCC_OPTIMIZATION_LEVEL = 0;
				GCC_PREPROCESSOR_DEFINITIONS = (
					"DEBUG=1",
					"$(inherited)",
				);
				GCC_WARN_64_TO_32_BIT_CONVERSION = YES;
				GCC_WARN_ABOUT_RETURN_TYPE = YES_ERROR;
				GCC_WARN_UNDECLARED_SELECTOR = YES;
				GCC_WARN_UNINITIALIZED_AUTOS = YES_AGGRESSIVE;
				GCC_WARN_UNUSED_FUNCTION = YES;
				GCC_WARN_UNUSED_VARIABLE = YES;
				IPHONEOS_DEPLOYMENT_TARGET = 17.4;
				LOCALIZATION_PREFERS_STRING_CATALOGS = YES;
				MTL_ENABLE_DEBUG_INFO = INCLUDE_SOURCE;
				MTL_FAST_MATH = YES;
				ONLY_ACTIVE_ARCH = YES;
				SDKROOT = iphoneos;
				SWIFT_ACTIVE_COMPILATION_CONDITIONS = "DEBUG $(inherited)";
				SWIFT_OPTIMIZATION_LEVEL = "-Onone";
			};
			name = Debug;
		};
		1FFB21BA2BD3B718005E1FC2 /* Release */ = {
			isa = XCBuildConfiguration;
			buildSettings = {
				ALWAYS_SEARCH_USER_PATHS = NO;
				ASSETCATALOG_COMPILER_GENERATE_SWIFT_ASSET_SYMBOL_EXTENSIONS = YES;
				CLANG_ANALYZER_NONNULL = YES;
				CLANG_ANALYZER_NUMBER_OBJECT_CONVERSION = YES_AGGRESSIVE;
				CLANG_CXX_LANGUAGE_STANDARD = "gnu++20";
				CLANG_ENABLE_MODULES = YES;
				CLANG_ENABLE_OBJC_ARC = YES;
				CLANG_ENABLE_OBJC_WEAK = YES;
				CLANG_WARN_BLOCK_CAPTURE_AUTORELEASING = YES;
				CLANG_WARN_BOOL_CONVERSION = YES;
				CLANG_WARN_COMMA = YES;
				CLANG_WARN_CONSTANT_CONVERSION = YES;
				CLANG_WARN_DEPRECATED_OBJC_IMPLEMENTATIONS = YES;
				CLANG_WARN_DIRECT_OBJC_ISA_USAGE = YES_ERROR;
				CLANG_WARN_DOCUMENTATION_COMMENTS = YES;
				CLANG_WARN_EMPTY_BODY = YES;
				CLANG_WARN_ENUM_CONVERSION = YES;
				CLANG_WARN_INFINITE_RECURSION = YES;
				CLANG_WARN_INT_CONVERSION = YES;
				CLANG_WARN_NON_LITERAL_NULL_CONVERSION = YES;
				CLANG_WARN_OBJC_IMPLICIT_RETAIN_SELF = YES;
				CLANG_WARN_OBJC_LITERAL_CONVERSION = YES;
				CLANG_WARN_OBJC_ROOT_CLASS = YES_ERROR;
				CLANG_WARN_QUOTED_INCLUDE_IN_FRAMEWORK_HEADER = YES;
				CLANG_WARN_RANGE_LOOP_ANALYSIS = YES;
				CLANG_WARN_STRICT_PROTOTYPES = YES;
				CLANG_WARN_SUSPICIOUS_MOVE = YES;
				CLANG_WARN_UNGUARDED_AVAILABILITY = YES_AGGRESSIVE;
				CLANG_WARN_UNREACHABLE_CODE = YES;
				CLANG_WARN__DUPLICATE_METHOD_MATCH = YES;
				COPY_PHASE_STRIP = NO;
				DEBUG_INFORMATION_FORMAT = "dwarf-with-dsym";
				ENABLE_NS_ASSERTIONS = NO;
				ENABLE_STRICT_OBJC_MSGSEND = YES;
				ENABLE_USER_SCRIPT_SANDBOXING = YES;
				GCC_C_LANGUAGE_STANDARD = gnu17;
				GCC_NO_COMMON_BLOCKS = YES;
				GCC_WARN_64_TO_32_BIT_CONVERSION = YES;
				GCC_WARN_ABOUT_RETURN_TYPE = YES_ERROR;
				GCC_WARN_UNDECLARED_SELECTOR = YES;
				GCC_WARN_UNINITIALIZED_AUTOS = YES_AGGRESSIVE;
				GCC_WARN_UNUSED_FUNCTION = YES;
				GCC_WARN_UNUSED_VARIABLE = YES;
				IPHONEOS_DEPLOYMENT_TARGET = 17.4;
				LOCALIZATION_PREFERS_STRING_CATALOGS = YES;
				MTL_ENABLE_DEBUG_INFO = NO;
				MTL_FAST_MATH = YES;
				SDKROOT = iphoneos;
				SWIFT_COMPILATION_MODE = wholemodule;
				VALIDATE_PRODUCT = YES;
			};
			name = Release;
		};
		1FFB21BC2BD3B718005E1FC2 /* Debug */ = {
			isa = XCBuildConfiguration;
			buildSettings = {
				ASSETCATALOG_COMPILER_APPICON_NAME = AppIcon;
				ASSETCATALOG_COMPILER_GLOBAL_ACCENT_COLOR_NAME = AccentColor;
				CODE_SIGN_STYLE = Automatic;
				CURRENT_PROJECT_VERSION = 1;
				DEVELOPMENT_ASSET_PATHS = "\"myAEDES_QUIZ/Preview Content\"";
				ENABLE_PREVIEWS = YES;
				GENERATE_INFOPLIST_FILE = YES;
				INFOPLIST_KEY_UIApplicationSceneManifest_Generation = YES;
				INFOPLIST_KEY_UIApplicationSupportsIndirectInputEvents = YES;
				INFOPLIST_KEY_UILaunchScreen_Generation = YES;
				INFOPLIST_KEY_UISupportedInterfaceOrientations_iPad = "UIInterfaceOrientationPortrait UIInterfaceOrientationPortraitUpsideDown UIInterfaceOrientationLandscapeLeft UIInterfaceOrientationLandscapeRight";
				INFOPLIST_KEY_UISupportedInterfaceOrientations_iPhone = "UIInterfaceOrientationPortrait UIInterfaceOrientationLandscapeLeft UIInterfaceOrientationLandscapeRight";
				LD_RUNPATH_SEARCH_PATHS = (
					"$(inherited)",
					"@executable_path/Frameworks",
				);
				MARKETING_VERSION = 1.0;
				PRODUCT_BUNDLE_IDENTIFIER = "com.myAEDES.myAEDES-QUIZ";
				PRODUCT_NAME = "$(TARGET_NAME)";
				SWIFT_EMIT_LOC_STRINGS = YES;
				SWIFT_VERSION = 5.0;
				TARGETED_DEVICE_FAMILY = "1,2";
			};
			name = Debug;
		};
		1FFB21BD2BD3B718005E1FC2 /* Release */ = {
			isa = XCBuildConfiguration;
			buildSettings = {
				ASSETCATALOG_COMPILER_APPICON_NAME = AppIcon;
				ASSETCATALOG_COMPILER_GLOBAL_ACCENT_COLOR_NAME = AccentColor;
				CODE_SIGN_STYLE = Automatic;
				CURRENT_PROJECT_VERSION = 1;
				DEVELOPMENT_ASSET_PATHS = "\"myAEDES_QUIZ/Preview Content\"";
				ENABLE_PREVIEWS = YES;
				GENERATE_INFOPLIST_FILE = YES;
				INFOPLIST_KEY_UIApplicationSceneManifest_Generation = YES;
				INFOPLIST_KEY_UIApplicationSupportsIndirectInputEvents = YES;
				INFOPLIST_KEY_UILaunchScreen_Generation = YES;
				INFOPLIST_KEY_UISupportedInterfaceOrientations_iPad = "UIInterfaceOrientationPortrait UIInterfaceOrientationPortraitUpsideDown UIInterfaceOrientationLandscapeLeft UIInterfaceOrientationLandscapeRight";
				INFOPLIST_KEY_UISupportedInterfaceOrientations_iPhone = "UIInterfaceOrientationPortrait UIInterfaceOrientationLandscapeLeft UIInterfaceOrientationLandscapeRight";
				LD_RUNPATH_SEARCH_PATHS = (
					"$(inherited)",
					"@executable_path/Frameworks",
				);
				MARKETING_VERSION = 1.0;
				PRODUCT_BUNDLE_IDENTIFIER = "com.myAEDES.myAEDES-QUIZ";
				PRODUCT_NAME = "$(TARGET_NAME)";
				SWIFT_EMIT_LOC_STRINGS = YES;
				SWIFT_VERSION = 5.0;
				TARGETED_DEVICE_FAMILY = "1,2";
			};
			name = Release;
		};
/* End XCBuildConfiguration section */

/* Begin XCConfigurationList section */
		1FFB21A82BD3B717005E1FC2 /* Build configuration list for PBXProject "myAEDES_QUIZ" */ = {
			isa = XCConfigurationList;
			buildConfigurations = (
				1FFB21B92BD3B718005E1FC2 /* Debug */,
				1FFB21BA2BD3B718005E1FC2 /* Release */,
			);
			defaultConfigurationIsVisible = 0;
			defaultConfigurationName = Release;
		};
		1FFB21BB2BD3B718005E1FC2 /* Build configuration list for PBXNativeTarget "myAEDES_QUIZ" */ = {
			isa = XCConfigurationList;
			buildConfigurations = (
				1FFB21BC2BD3B718005E1FC2 /* Debug */,
				1FFB21BD2BD3B718005E1FC2 /* Release */,
			);
			defaultConfigurationIsVisible = 0;
			defaultConfigurationName = Release;
		};
/* End XCConfigurationList section */
	};
	rootObject = 1FFB21A52BD3B717005E1FC2 /* Project object */;
}
